dependencies:
- name: postgresql
  repository: oci://registry-1.docker.io/bitnamicharts
  version: 12.12.10
- name: redis
  repository: oci://registry-1.docker.io/bitnamicharts
  version: 18.1.2
- name: one37secrets
  repository: file://../one37secrets
  version: 1.2310.8
digest: sha256:023ab477fbd313fdcb5a116efee61c126caf74c833dd53766ada53150928bc15
generated: "2023-10-08T22:09:43.80435+02:00"
