dependencies:
- name: postgresql
  repository: oci://registry-1.docker.io/bitnamicharts
  version: 12.12.10
- name: redis
  repository: oci://registry-1.docker.io/bitnamicharts
  version: 18.1.4
- name: one37secrets
  repository: file://../one37secrets
  version: 1.2310.10-2
digest: sha256:d131007539f97d6e23913b052f5006dfc886fd4d8958cd937e3a9200059ca0b9
generated: "2023-10-11T15:10:28.629629+02:00"
